
Microsoft Visual Studio Solution File, Format Version 12.00
# Visual Studio 15
VisualStudioVersion = 15.0.28307.757
MinimumVisualStudioVersion = 10.0.40219.1
Project("{FAE04EC0-301F-11D3-BF4B-00C04F79EFBC}") = "DaysOfWeek", "DaysOfWeek\DaysOfWeek.csproj", "{583FAADE-ED81-46D8-90CC-1F33FC425912}"
EndProject
Global
	GlobalSection(SolutionConfigurationPlatforms) = preSolution
		Debug|Any CPU = Debug|Any CPU
		Release|Any CPU = Release|Any CPU
	EndGlobalSection
	GlobalSection(ProjectConfigurationPlatforms) = postSolution
		{583FAADE-ED81-46D8-90CC-1F33FC425912}.Debug|Any CPU.ActiveCfg = Debug|Any CPU
		{583FAADE-ED81-46D8-90CC-1F33FC425912}.Debug|Any CPU.Build.0 = Debug|Any CPU
		{583FAADE-ED81-46D8-90CC-1F33FC425912}.Release|Any CPU.ActiveCfg = Release|Any CPU
		{583FAADE-ED81-46D8-90CC-1F33FC425912}.Release|Any CPU.Build.0 = Release|Any CPU
	EndGlobalSection
	GlobalSection(SolutionProperties) = preSolution
		HideSolutionNode = FALSE
	EndGlobalSection
	GlobalSection(ExtensibilityGlobals) = postSolution
		SolutionGuid = {4CE887EC-D11F-4C26-842F-710F0EBFAB45}
	EndGlobalSection
EndGlobal
